// !$*UTF8*$!
{
	archiveVersion = 1;
	classes = {
	};
	objectVersion = 46;
	objects = {

/* Begin PBXBuildFile section */
		3D3D224D172775300033CD43 /* _84Assignment2.1 in CopyFiles */ = {isa = PBXBuildFile; fileRef = 3D3D224C172775300033CD43 /* _84Assignment2.1 */; };
		3D3D225B172775810033CD43 /* getopt_long.cpp in Sources */ = {isa = PBXBuildFile; fileRef = 3D3D2253172775810033CD43 /* getopt_long.cpp */; };
		3D3D225C172775810033CD43 /* myGL.cpp in Sources */ = {isa = PBXBuildFile; fileRef = 3D3D2255172775810033CD43 /* myGL.cpp */; };
		3D3D225D172775810033CD43 /* psurfviewer_main.cpp in Sources */ = {isa = PBXBuildFile; fileRef = 3D3D2257172775810033CD43 /* psurfviewer_main.cpp */; };
		3D3D225E172775810033CD43 /* SurfaceGeometry.cpp in Sources */ = {isa = PBXBuildFile; fileRef = 3D3D2259172775810033CD43 /* SurfaceGeometry.cpp */; };
		3D3D226317277A4C0033CD43 /* MAT3.cpp in Sources */ = {isa = PBXBuildFile; fileRef = 3D3D225F17277A4B0033CD43 /* MAT3.cpp */; };
		3D3D226417277A4C0033CD43 /* VEC3.cpp in Sources */ = {isa = PBXBuildFile; fileRef = 3D3D226117277A4B0033CD43 /* VEC3.cpp */; };
		3D3D2267172883C80033CD43 /* GLUT.framework in Frameworks */ = {isa = PBXBuildFile; fileRef = 3D3D2265172883C80033CD43 /* GLUT.framework */; };
		3D3D2268172883C80033CD43 /* OpenGL.framework in Frameworks */ = {isa = PBXBuildFile; fileRef = 3D3D2266172883C80033CD43 /* OpenGL.framework */; };
/* End PBXBuildFile section */

/* Begin PBXCopyFilesBuildPhase section */
		3D3D2245172775300033CD43 /* CopyFiles */ = {
			isa = PBXCopyFilesBuildPhase;
			buildActionMask = 2147483647;
			dstPath = /usr/share/man/man1/;
			dstSubfolderSpec = 0;
			files = (
				3D3D224D172775300033CD43 /* _84Assignment2.1 in CopyFiles */,
			);
			runOnlyForDeploymentPostprocessing = 1;
		};
/* End PBXCopyFilesBuildPhase section */

/* Begin PBXFileReference section */
		3D3D2247172775300033CD43 /* 484Assignment2 */ = {isa = PBXFileReference; explicitFileType = "compiled.mach-o.executable"; includeInIndex = 0; path = 484Assignment2; sourceTree = BUILT_PRODUCTS_DIR; };
		3D3D224C172775300033CD43 /* _84Assignment2.1 */ = {isa = PBXFileReference; lastKnownFileType = text.man; path = _84Assignment2.1; sourceTree = "<group>"; };
		3D3D2253172775810033CD43 /* getopt_long.cpp */ = {isa = PBXFileReference; fileEncoding = 4; lastKnownFileType = sourcecode.cpp.cpp; path = getopt_long.cpp; sourceTree = "<group>"; };
		3D3D2254172775810033CD43 /* getopt.h */ = {isa = PBXFileReference; fileEncoding = 4; lastKnownFileType = sourcecode.c.h; path = getopt.h; sourceTree = "<group>"; };
		3D3D2255172775810033CD43 /* myGL.cpp */ = {isa = PBXFileReference; fileEncoding = 4; lastKnownFileType = sourcecode.cpp.cpp; path = myGL.cpp; sourceTree = "<group>"; };
		3D3D2256172775810033CD43 /* myGL.h */ = {isa = PBXFileReference; fileEncoding = 4; lastKnownFileType = sourcecode.c.h; path = myGL.h; sourceTree = "<group>"; };
		3D3D2257172775810033CD43 /* psurfviewer_main.cpp */ = {isa = PBXFileReference; fileEncoding = 4; lastKnownFileType = sourcecode.cpp.cpp; path = psurfviewer_main.cpp; sourceTree = "<group>"; };
		3D3D2258172775810033CD43 /* SGFaceList.h */ = {isa = PBXFileReference; fileEncoding = 4; lastKnownFileType = sourcecode.c.h; path = SGFaceList.h; sourceTree = "<group>"; };
		3D3D2259172775810033CD43 /* SurfaceGeometry.cpp */ = {isa = PBXFileReference; fileEncoding = 4; lastKnownFileType = sourcecode.cpp.cpp; path = SurfaceGeometry.cpp; sourceTree = "<group>"; };
		3D3D225A172775810033CD43 /* SurfaceGeometry.h */ = {isa = PBXFileReference; fileEncoding = 4; lastKnownFileType = sourcecode.c.h; path = SurfaceGeometry.h; sourceTree = "<group>"; };
		3D3D225F17277A4B0033CD43 /* MAT3.cpp */ = {isa = PBXFileReference; fileEncoding = 4; lastKnownFileType = sourcecode.cpp.cpp; path = MAT3.cpp; sourceTree = "<group>"; };
		3D3D226017277A4B0033CD43 /* MAT3.h */ = {isa = PBXFileReference; fileEncoding = 4; lastKnownFileType = sourcecode.c.h; path = MAT3.h; sourceTree = "<group>"; };
		3D3D226117277A4B0033CD43 /* VEC3.cpp */ = {isa = PBXFileReference; fileEncoding = 4; lastKnownFileType = sourcecode.cpp.cpp; path = VEC3.cpp; sourceTree = "<group>"; };
		3D3D226217277A4C0033CD43 /* VEC3.h */ = {isa = PBXFileReference; fileEncoding = 4; lastKnownFileType = sourcecode.c.h; path = VEC3.h; sourceTree = "<group>"; };
		3D3D2265172883C80033CD43 /* GLUT.framework */ = {isa = PBXFileReference; lastKnownFileType = wrapper.framework; name = GLUT.framework; path = System/Library/Frameworks/GLUT.framework; sourceTree = SDKROOT; };
		3D3D2266172883C80033CD43 /* OpenGL.framework */ = {isa = PBXFileReference; lastKnownFileType = wrapper.framework; name = OpenGL.framework; path = System/Library/Frameworks/OpenGL.framework; sourceTree = SDKROOT; };
/* End PBXFileReference section */

/* Begin PBXFrameworksBuildPhase section */
		3D3D2244172775300033CD43 /* Frameworks */ = {
			isa = PBXFrameworksBuildPhase;
			buildActionMask = 2147483647;
			files = (
				3D3D2267172883C80033CD43 /* GLUT.framework in Frameworks */,
				3D3D2268172883C80033CD43 /* OpenGL.framework in Frameworks */,
			);
			runOnlyForDeploymentPostprocessing = 0;
		};
/* End PBXFrameworksBuildPhase section */

/* Begin PBXGroup section */
		3D3D223E172775300033CD43 = {
			isa = PBXGroup;
			children = (
				3D3D2265172883C80033CD43 /* GLUT.framework */,
				3D3D2266172883C80033CD43 /* OpenGL.framework */,
				3D3D2249172775300033CD43 /* 484Assignment2 */,
				3D3D2248172775300033CD43 /* Products */,
			);
			sourceTree = "<group>";
		};
		3D3D2248172775300033CD43 /* Products */ = {
			isa = PBXGroup;
			children = (
				3D3D2247172775300033CD43 /* 484Assignment2 */,
			);
			name = Products;
			sourceTree = "<group>";
		};
		3D3D2249172775300033CD43 /* 484Assignment2 */ = {
			isa = PBXGroup;
			children = (
				3D3D2253172775810033CD43 /* getopt_long.cpp */,
				3D3D2254172775810033CD43 /* getopt.h */,
				3D3D2256172775810033CD43 /* myGL.h */,
				3D3D2255172775810033CD43 /* myGL.cpp */,
				3D3D2257172775810033CD43 /* psurfviewer_main.cpp */,
				3D3D2258172775810033CD43 /* SGFaceList.h */,
				3D3D225A172775810033CD43 /* SurfaceGeometry.h */,
				3D3D2259172775810033CD43 /* SurfaceGeometry.cpp */,
				3D3D226017277A4B0033CD43 /* MAT3.h */,
				3D3D225F17277A4B0033CD43 /* MAT3.cpp */,
				3D3D226217277A4C0033CD43 /* VEC3.h */,
				3D3D226117277A4B0033CD43 /* VEC3.cpp */,
				3D3D224C172775300033CD43 /* _84Assignment2.1 */,
			);
			path = 484Assignment2;
			sourceTree = "<group>";
		};
/* End PBXGroup section */

/* Begin PBXNativeTarget section */
		3D3D2246172775300033CD43 /* 484Assignment2 */ = {
			isa = PBXNativeTarget;
			buildConfigurationList = 3D3D2250172775300033CD43 /* Build configuration list for PBXNativeTarget "484Assignment2" */;
			buildPhases = (
				3D3D2243172775300033CD43 /* Sources */,
				3D3D2244172775300033CD43 /* Frameworks */,
				3D3D2245172775300033CD43 /* CopyFiles */,
			);
			buildRules = (
			);
			dependencies = (
			);
			name = 484Assignment2;
			productName = 484Assignment2;
			productReference = 3D3D2247172775300033CD43 /* 484Assignment2 */;
			productType = "com.apple.product-type.tool";
		};
/* End PBXNativeTarget section */

/* Begin PBXProject section */
		3D3D223F172775300033CD43 /* Project object */ = {
			isa = PBXProject;
			attributes = {
				LastUpgradeCheck = 0460;
				ORGANIZATIONNAME = "William Short";
			};
			buildConfigurationList = 3D3D2242172775300033CD43 /* Build configuration list for PBXProject "484Assignment2" */;
			compatibilityVersion = "Xcode 3.2";
			developmentRegion = English;
			hasScannedForEncodings = 0;
			knownRegions = (
				en,
			);
			mainGroup = 3D3D223E172775300033CD43;
			productRefGroup = 3D3D2248172775300033CD43 /* Products */;
			projectDirPath = "";
			projectRoot = "";
			targets = (
				3D3D2246172775300033CD43 /* 484Assignment2 */,
			);
		};
/* End PBXProject section */

/* Begin PBXSourcesBuildPhase section */
		3D3D2243172775300033CD43 /* Sources */ = {
			isa = PBXSourcesBuildPhase;
			buildActionMask = 2147483647;
			files = (
				3D3D225B172775810033CD43 /* getopt_long.cpp in Sources */,
				3D3D225C172775810033CD43 /* myGL.cpp in Sources */,
				3D3D225D172775810033CD43 /* psurfviewer_main.cpp in Sources */,
				3D3D225E172775810033CD43 /* SurfaceGeometry.cpp in Sources */,
				3D3D226317277A4C0033CD43 /* MAT3.cpp in Sources */,
				3D3D226417277A4C0033CD43 /* VEC3.cpp in Sources */,
			);
			runOnlyForDeploymentPostprocessing = 0;
		};
/* End PBXSourcesBuildPhase section */

/* Begin XCBuildConfiguration section */
		3D3D224E172775300033CD43 /* Debug */ = {
			isa = XCBuildConfiguration;
			buildSettings = {
				ALWAYS_SEARCH_USER_PATHS = NO;
				ARCHS = "$(ARCHS_STANDARD_64_BIT)";
				CLANG_CXX_LANGUAGE_STANDARD = "gnu++0x";
				CLANG_CXX_LIBRARY = "libc++";
				CLANG_WARN_CONSTANT_CONVERSION = YES;
				CLANG_WARN_EMPTY_BODY = YES;
				CLANG_WARN_ENUM_CONVERSION = YES;
				CLANG_WARN_INT_CONVERSION = YES;
				CLANG_WARN__DUPLICATE_METHOD_MATCH = YES;
				COPY_PHASE_STRIP = NO;
				GCC_C_LANGUAGE_STANDARD = gnu99;
				GCC_DYNAMIC_NO_PIC = NO;
				GCC_ENABLE_OBJC_EXCEPTIONS = YES;
				GCC_OPTIMIZATION_LEVEL = 0;
				GCC_PREPROCESSOR_DEFINITIONS = (
					"DEBUG=1",
					"$(inherited)",
				);
				GCC_SYMBOLS_PRIVATE_EXTERN = NO;
				GCC_WARN_64_TO_32_BIT_CONVERSION = YES;
				GCC_WARN_ABOUT_RETURN_TYPE = YES;
				GCC_WARN_UNINITIALIZED_AUTOS = YES;
				GCC_WARN_UNUSED_VARIABLE = YES;
				MACOSX_DEPLOYMENT_TARGET = 10.7;
				ONLY_ACTIVE_ARCH = YES;
				SDKROOT = macosx;
			};
			name = Debug;
		};
		3D3D224F172775300033CD43 /* Release */ = {
			isa = XCBuildConfiguration;
			buildSettings = {
				ALWAYS_SEARCH_USER_PATHS = NO;
				ARCHS = "$(ARCHS_STANDARD_64_BIT)";
				CLANG_CXX_LANGUAGE_STANDARD = "gnu++0x";
				CLANG_CXX_LIBRARY = "libc++";
				CLANG_WARN_CONSTANT_CONVERSION = YES;
				CLANG_WARN_EMPTY_BODY = YES;
				CLANG_WARN_ENUM_CONVERSION = YES;
				CLANG_WARN_INT_CONVERSION = YES;
				CLANG_WARN__DUPLICATE_METHOD_MATCH = YES;
				COPY_PHASE_STRIP = YES;
				DEBUG_INFORMATION_FORMAT = "dwarf-with-dsym";
				GCC_C_LANGUAGE_STANDARD = gnu99;
				GCC_ENABLE_OBJC_EXCEPTIONS = YES;
				GCC_WARN_64_TO_32_BIT_CONVERSION = YES;
				GCC_WARN_ABOUT_RETURN_TYPE = YES;
				GCC_WARN_UNINITIALIZED_AUTOS = YES;
				GCC_WARN_UNUSED_VARIABLE = YES;
				MACOSX_DEPLOYMENT_TARGET = 10.7;
				SDKROOT = macosx;
			};
			name = Release;
		};
		3D3D2251172775300033CD43 /* Debug */ = {
			isa = XCBuildConfiguration;
			buildSettings = {
				PRODUCT_NAME = "$(TARGET_NAME)";
			};
			name = Debug;
		};
		3D3D2252172775300033CD43 /* Release */ = {
			isa = XCBuildConfiguration;
			buildSettings = {
				PRODUCT_NAME = "$(TARGET_NAME)";
			};
			name = Release;
		};
/* End XCBuildConfiguration section */

/* Begin XCConfigurationList section */
		3D3D2242172775300033CD43 /* Build configuration list for PBXProject "484Assignment2" */ = {
			isa = XCConfigurationList;
			buildConfigurations = (
				3D3D224E172775300033CD43 /* Debug */,
				3D3D224F172775300033CD43 /* Release */,
			);
			defaultConfigurationIsVisible = 0;
			defaultConfigurationName = Release;
		};
		3D3D2250172775300033CD43 /* Build configuration list for PBXNativeTarget "484Assignment2" */ = {
			isa = XCConfigurationList;
			buildConfigurations = (
				3D3D2251172775300033CD43 /* Debug */,
				3D3D2252172775300033CD43 /* Release */,
			);
			defaultConfigurationIsVisible = 0;
		};
/* End XCConfigurationList section */
	};
	rootObject = 3D3D223F172775300033CD43 /* Project object */;
}
